
Microsoft Visual Studio Solution File, Format Version 12.00
# Visual Studio Version 17
VisualStudioVersion = 17.9.34728.123
MinimumVisualStudioVersion = 10.0.40219.1
Project("{FAE04EC0-301F-11D3-BF4B-00C04F79EFBC}") = "Codigo2024Clase06", "Codigo2024Clase06\Codigo2024Clase06.csproj", "{877FA0E1-9A07-4B36-A991-036780AA00DD}"
EndProject
Global
	GlobalSection(SolutionConfigurationPlatforms) = preSolution
		Debug|Any CPU = Debug|Any CPU
		Release|Any CPU = Release|Any CPU
	EndGlobalSection
	GlobalSection(ProjectConfigurationPlatforms) = postSolution
		{877FA0E1-9A07-4B36-A991-036780AA00DD}.Debug|Any CPU.ActiveCfg = Debug|Any CPU
		{877FA0E1-9A07-4B36-A991-036780AA00DD}.Debug|Any CPU.Build.0 = Debug|Any CPU
		{877FA0E1-9A07-4B36-A991-036780AA00DD}.Release|Any CPU.ActiveCfg = Release|Any CPU
		{877FA0E1-9A07-4B36-A991-036780AA00DD}.Release|Any CPU.Build.0 = Release|Any CPU
	EndGlobalSection
	GlobalSection(SolutionProperties) = preSolution
		HideSolutionNode = FALSE
	EndGlobalSection
	GlobalSection(ExtensibilityGlobals) = postSolution
		SolutionGuid = {19C961F5-BF6B-4C7F-B28B-02273BAA12F6}
	EndGlobalSection
EndGlobal
